Microsoft Visual Studio Solution File, Format Version 8.00
Project("{8BC9CEB8-8B4A-11D0-8D11-00A0C91BC942}") = "point", "point.vcproj", "{4573CC83-E4F4-4DE9-B49B-0665B9C6A409}"
	ProjectSection(ProjectDependencies) = postProject
	EndProjectSection
EndProject
Global
	GlobalSection(SolutionConfiguration) = preSolution
		Debug = Debug
		Release = Release
	EndGlobalSection
	GlobalSection(ProjectConfiguration) = postSolution
		{4573CC83-E4F4-4DE9-B49B-0665B9C6A409}.Debug.ActiveCfg = Debug|Win32
		{4573CC83-E4F4-4DE9-B49B-0665B9C6A409}.Debug.Build.0 = Debug|Win32
		{4573CC83-E4F4-4DE9-B49B-0665B9C6A409}.Release.ActiveCfg = Release|Win32
		{4573CC83-E4F4-4DE9-B49B-0665B9C6A409}.Release.Build.0 = Release|Win32
	EndGlobalSection
	GlobalSection(ExtensibilityGlobals) = postSolution
	EndGlobalSection
	GlobalSection(ExtensibilityAddIns) = postSolution
	EndGlobalSection
EndGlobal
