Microsoft Visual Studio Solution File, Format Version 8.00
Project("{8BC9CEB8-8B4A-11D0-8D11-00A0C91BC942}") = "mod-tester", "mod-tester\mod-tester.vcproj", "{94974F0A-094F-4544-AB83-0E64C318F2BA}"
	ProjectSection(ProjectDependencies) = postProject
	EndProjectSection
EndProject
Global
	GlobalSection(SolutionConfiguration) = preSolution
		Debug = Debug
		Release = Release
	EndGlobalSection
	GlobalSection(ProjectConfiguration) = postSolution
		{94974F0A-094F-4544-AB83-0E64C318F2BA}.Debug.ActiveCfg = Debug|Win32
		{94974F0A-094F-4544-AB83-0E64C318F2BA}.Debug.Build.0 = Debug|Win32
		{94974F0A-094F-4544-AB83-0E64C318F2BA}.Release.ActiveCfg = Release|Win32
		{94974F0A-094F-4544-AB83-0E64C318F2BA}.Release.Build.0 = Release|Win32
	EndGlobalSection
	GlobalSection(ExtensibilityGlobals) = postSolution
	EndGlobalSection
	GlobalSection(ExtensibilityAddIns) = postSolution
	EndGlobalSection
EndGlobal
